
Microsoft Visual Studio Solution File, Format Version 12.00
# Visual Studio 15
VisualStudioVersion = 15.0.28307.168
MinimumVisualStudioVersion = 10.0.40219.1
Project("{9A19103F-16F7-4668-BE54-9A1E7A4F7556}") = "FirstCore", "FirstCore\FirstCore.csproj", "{2B82E5AB-106D-4B90-B025-8CD1943F32B3}"
EndProject
Project("{9A19103F-16F7-4668-BE54-9A1E7A4F7556}") = "Identity_.NETCore", "Identity_.NETCore\Identity_.NETCore.csproj", "{7C987639-8098-404A-BFFF-F486835DC475}"
EndProject
Project("{2150E333-8FDC-42A3-9474-1A3956D46DE8}") = "KUZEY", "KUZEY", "{5BA20070-6B50-4EAB-AA41-9BCBAF5B0755}"
EndProject
Project("{FAE04EC0-301F-11D3-BF4B-00C04F79EFBC}") = "Kuzey.UI.Web", "Kuzey.UI.Web\Kuzey.UI.Web.csproj", "{018E911B-0039-449A-917A-2EC9C91C44F6}"
EndProject
Project("{FAE04EC0-301F-11D3-BF4B-00C04F79EFBC}") = "Kuzey.DAL", "Kuzey.DAL\Kuzey.DAL.csproj", "{9F96FCA4-8644-483D-851E-0145AF4CD3FC}"
EndProject
Project("{FAE04EC0-301F-11D3-BF4B-00C04F79EFBC}") = "Kuzey.BLL", "Kuzey.BLL\Kuzey.BLL.csproj", "{2ACEB3CC-D970-4343-B086-458B844416A2}"
EndProject
Project("{FAE04EC0-301F-11D3-BF4B-00C04F79EFBC}") = "Kuzey.MODELS", "Kuzey.MODELS\Kuzey.MODELS.csproj", "{48D8C17D-FB0B-4508-B9FE-7ED324BB8322}"
EndProject
Global
	GlobalSection(SolutionConfigurationPlatforms) = preSolution
		Debug|Any CPU = Debug|Any CPU
		Release|Any CPU = Release|Any CPU
	EndGlobalSection
	GlobalSection(ProjectConfigurationPlatforms) = postSolution
		{2B82E5AB-106D-4B90-B025-8CD1943F32B3}.Debug|Any CPU.ActiveCfg = Debug|Any CPU
		{2B82E5AB-106D-4B90-B025-8CD1943F32B3}.Debug|Any CPU.Build.0 = Debug|Any CPU
		{2B82E5AB-106D-4B90-B025-8CD1943F32B3}.Release|Any CPU.ActiveCfg = Release|Any CPU
		{2B82E5AB-106D-4B90-B025-8CD1943F32B3}.Release|Any CPU.Build.0 = Release|Any CPU
		{7C987639-8098-404A-BFFF-F486835DC475}.Debug|Any CPU.ActiveCfg = Debug|Any CPU
		{7C987639-8098-404A-BFFF-F486835DC475}.Debug|Any CPU.Build.0 = Debug|Any CPU
		{7C987639-8098-404A-BFFF-F486835DC475}.Release|Any CPU.ActiveCfg = Release|Any CPU
		{7C987639-8098-404A-BFFF-F486835DC475}.Release|Any CPU.Build.0 = Release|Any CPU
		{018E911B-0039-449A-917A-2EC9C91C44F6}.Debug|Any CPU.ActiveCfg = Debug|Any CPU
		{018E911B-0039-449A-917A-2EC9C91C44F6}.Debug|Any CPU.Build.0 = Debug|Any CPU
		{018E911B-0039-449A-917A-2EC9C91C44F6}.Release|Any CPU.ActiveCfg = Release|Any CPU
		{018E911B-0039-449A-917A-2EC9C91C44F6}.Release|Any CPU.Build.0 = Release|Any CPU
		{9F96FCA4-8644-483D-851E-0145AF4CD3FC}.Debug|Any CPU.ActiveCfg = Debug|Any CPU
		{9F96FCA4-8644-483D-851E-0145AF4CD3FC}.Debug|Any CPU.Build.0 = Debug|Any CPU
		{9F96FCA4-8644-483D-851E-0145AF4CD3FC}.Release|Any CPU.ActiveCfg = Release|Any CPU
		{9F96FCA4-8644-483D-851E-0145AF4CD3FC}.Release|Any CPU.Build.0 = Release|Any CPU
		{2ACEB3CC-D970-4343-B086-458B844416A2}.Debug|Any CPU.ActiveCfg = Debug|Any CPU
		{2ACEB3CC-D970-4343-B086-458B844416A2}.Debug|Any CPU.Build.0 = Debug|Any CPU
		{2ACEB3CC-D970-4343-B086-458B844416A2}.Release|Any CPU.ActiveCfg = Release|Any CPU
		{2ACEB3CC-D970-4343-B086-458B844416A2}.Release|Any CPU.Build.0 = Release|Any CPU
		{48D8C17D-FB0B-4508-B9FE-7ED324BB8322}.Debug|Any CPU.ActiveCfg = Debug|Any CPU
		{48D8C17D-FB0B-4508-B9FE-7ED324BB8322}.Debug|Any CPU.Build.0 = Debug|Any CPU
		{48D8C17D-FB0B-4508-B9FE-7ED324BB8322}.Release|Any CPU.ActiveCfg = Release|Any CPU
		{48D8C17D-FB0B-4508-B9FE-7ED324BB8322}.Release|Any CPU.Build.0 = Release|Any CPU
	EndGlobalSection
	GlobalSection(SolutionProperties) = preSolution
		HideSolutionNode = FALSE
	EndGlobalSection
	GlobalSection(NestedProjects) = preSolution
		{018E911B-0039-449A-917A-2EC9C91C44F6} = {5BA20070-6B50-4EAB-AA41-9BCBAF5B0755}
		{9F96FCA4-8644-483D-851E-0145AF4CD3FC} = {5BA20070-6B50-4EAB-AA41-9BCBAF5B0755}
		{2ACEB3CC-D970-4343-B086-458B844416A2} = {5BA20070-6B50-4EAB-AA41-9BCBAF5B0755}
		{48D8C17D-FB0B-4508-B9FE-7ED324BB8322} = {5BA20070-6B50-4EAB-AA41-9BCBAF5B0755}
	EndGlobalSection
	GlobalSection(ExtensibilityGlobals) = postSolution
		SolutionGuid = {50F4724D-51D9-40F3-9AD8-D2450E55FAEA}
	EndGlobalSection
EndGlobal
