
Microsoft Visual Studio Solution File, Format Version 12.00
# Visual Studio 15
VisualStudioVersion = 15.0.28307.168
MinimumVisualStudioVersion = 10.0.40219.1
Project("{9A19103F-16F7-4668-BE54-9A1E7A4F7556}") = "FirstCore", "FirstCore\FirstCore.csproj", "{2B82E5AB-106D-4B90-B025-8CD1943F32B3}"
EndProject
Project("{FAE04EC0-301F-11D3-BF4B-00C04F79EFBC}") = "Identity_.NETCore", "Identity_.NETCore\Identity_.NETCore.csproj", "{7C987639-8098-404A-BFFF-F486835DC475}"
EndProject
Global
	GlobalSection(SolutionConfigurationPlatforms) = preSolution
		Debug|Any CPU = Debug|Any CPU
		Release|Any CPU = Release|Any CPU
	EndGlobalSection
	GlobalSection(ProjectConfigurationPlatforms) = postSolution
		{2B82E5AB-106D-4B90-B025-8CD1943F32B3}.Debug|Any CPU.ActiveCfg = Debug|Any CPU
		{2B82E5AB-106D-4B90-B025-8CD1943F32B3}.Debug|Any CPU.Build.0 = Debug|Any CPU
		{2B82E5AB-106D-4B90-B025-8CD1943F32B3}.Release|Any CPU.ActiveCfg = Release|Any CPU
		{2B82E5AB-106D-4B90-B025-8CD1943F32B3}.Release|Any CPU.Build.0 = Release|Any CPU
		{7C987639-8098-404A-BFFF-F486835DC475}.Debug|Any CPU.ActiveCfg = Debug|Any CPU
		{7C987639-8098-404A-BFFF-F486835DC475}.Debug|Any CPU.Build.0 = Debug|Any CPU
		{7C987639-8098-404A-BFFF-F486835DC475}.Release|Any CPU.ActiveCfg = Release|Any CPU
		{7C987639-8098-404A-BFFF-F486835DC475}.Release|Any CPU.Build.0 = Release|Any CPU
	EndGlobalSection
	GlobalSection(SolutionProperties) = preSolution
		HideSolutionNode = FALSE
	EndGlobalSection
	GlobalSection(ExtensibilityGlobals) = postSolution
		SolutionGuid = {50F4724D-51D9-40F3-9AD8-D2450E55FAEA}
	EndGlobalSection
EndGlobal
